<?xml version="1.0" encoding="utf-8"?>
<Project ToolsVersion="4.0" xmlns="http://schemas.microsoft.com/developer/msbuild/2003">
  <ItemGroup>
    <Filter Include="Source files">
      <UniqueIdentifier>{4FC737F1-C7A5-4376-A066-2A32D752A2FF}</UniqueIdentifier>
      <Extensions>cpp;c;cc;cxx;c++;cppm;ixx;def;odl;idl;hpj;bat;asm;asmx</Extensions>
    </Filter>
    <Filter Include="Header files">
      <UniqueIdentifier>{93995380-89BD-4b04-88EB-625FBE52EBFB}</UniqueIdentifier>
      <Extensions>h;hh;hpp;hxx;h++;hm;inl;inc;ipp;xsd</Extensions>
    </Filter>
  </ItemGroup>
  <ItemGroup>
    <ClInclude Include="pch.h">
      <Filter>Header files</Filter>
    </ClInclude>
    <ClInclude Include="Proxy.h">
      <Filter>Header files</Filter>
    </ClInclude>
    <ClInclude Include="Proportionalizer.h">
      <Filter>Header files</Filter>
    </ClInclude>
    <ClInclude Include="StringUtil.h">
      <Filter>Header files</Filter>
    </ClInclude>
    <ClInclude Include="SjisTunnelDecoder.h">
      <Filter>Header files</Filter>
    </ClInclude>
    <ClInclude Include="FontManager.h">
      <Filter>Header files</Filter>
    </ClInclude>
    <ClInclude Include="Font.h">
      <Filter>Header files</Filter>
    </ClInclude>
    <ClInclude Include="MemoryUnprotector.h">
      <Filter>Header files</Filter>
    </ClInclude>
    <ClInclude Include="GdiProportionalizer.h">
      <Filter>Header files</Filter>
    </ClInclude>
    <ClInclude Include="D2DProportionalizer.h">
      <Filter>Header files</Filter>
    </ClInclude>
    <ClInclude Include="EnginePatches.h">
      <Filter>Header files</Filter>
    </ClInclude>
    <ClInclude Include="LocaleEmulator.h">
      <Filter>Header files</Filter>
    </ClInclude>
  </ItemGroup>
  <ItemGroup>
    <ClCompile Include="dllmain.cpp">
      <Filter>Source files</Filter>
    </ClCompile>
    <ClCompile Include="pch.cpp">
      <Filter>Source files</Filter>
    </ClCompile>
    <ClCompile Include="Proxy.cpp">
      <Filter>Source files</Filter>
    </ClCompile>
    <ClCompile Include="Proportionalizer.cpp">
      <Filter>Source files</Filter>
    </ClCompile>
    <ClCompile Include="StringUtil.cpp">
      <Filter>Source files</Filter>
    </ClCompile>
    <ClCompile Include="SjisTunnelDecoder.cpp">
      <Filter>Source files</Filter>
    </ClCompile>
    <ClCompile Include="FontManager.cpp">
      <Filter>Source files</Filter>
    </ClCompile>
    <ClCompile Include="Font.cpp">
      <Filter>Source files</Filter>
    </ClCompile>
    <ClCompile Include="MemoryUnprotector.cpp">
      <Filter>Source files</Filter>
    </ClCompile>
    <ClCompile Include="D2DProportionalizer.cpp">
      <Filter>Source files</Filter>
    </ClCompile>
    <ClCompile Include="GdiProportionalizer.cpp">
      <Filter>Source files</Filter>
    </ClCompile>
    <ClCompile Include="EnginePatches.cpp">
      <Filter>Source files</Filter>
    </ClCompile>
    <ClCompile Include="LocaleEmulator.cpp">
      <Filter>Source files</Filter>
    </ClCompile>
  </ItemGroup>
  <ItemGroup>
    <None Include="exports.def">
      <Filter>Source files</Filter>
    </None>
  </ItemGroup>
</Project>